// !$*UTF8*$!
{
	archiveVersion = 1;
	classes = {
	};
	objectVersion = 55;
	objects = {

/* Begin PBXBuildFile section */
		0A4D0AB02826D5DF000D5536 /* BrowseDishes.swift in Sources */ = {isa = PBXBuildFile; fileRef = 0A4D0AAF2826D5DF000D5536 /* BrowseDishes.swift */; };
		0A4D0AB428277443000D5536 /* BrowseCategories.swift in Sources */ = {isa = PBXBuildFile; fileRef = 0A4D0AB328277443000D5536 /* BrowseCategories.swift */; };
		0AB8DB802824CA6700A5898A /* BrowseRestaurants.swift in Sources */ = {isa = PBXBuildFile; fileRef = 0AB8DB7F2824CA6700A5898A /* BrowseRestaurants.swift */; };
		0AB8DB822824CB5300A5898A /* RestaurantsViewModel.swift in Sources */ = {isa = PBXBuildFile; fileRef = 0AB8DB812824CB5300A5898A /* RestaurantsViewModel.swift */; };
		0ACFC8E0281F81A500D325E5 /* ReadaMenuApp.swift in Sources */ = {isa = PBXBuildFile; fileRef = 0ACFC8DF281F81A500D325E5 /* ReadaMenuApp.swift */; };
		0ACFC8E2281F81A500D325E5 /* ContentView.swift in Sources */ = {isa = PBXBuildFile; fileRef = 0ACFC8E1281F81A500D325E5 /* ContentView.swift */; };
		0ACFC8E4281F81A700D325E5 /* Assets.xcassets in Resources */ = {isa = PBXBuildFile; fileRef = 0ACFC8E3281F81A700D325E5 /* Assets.xcassets */; };
		0ACFC8E7281F81A700D325E5 /* Preview Assets.xcassets in Resources */ = {isa = PBXBuildFile; fileRef = 0ACFC8E6281F81A700D325E5 /* Preview Assets.xcassets */; };
		0ACFC8F1281F81A700D325E5 /* ReadaMenuTests.swift in Sources */ = {isa = PBXBuildFile; fileRef = 0ACFC8F0281F81A700D325E5 /* ReadaMenuTests.swift */; };
		0ACFC8FB281F81A700D325E5 /* ReadaMenuUITests.swift in Sources */ = {isa = PBXBuildFile; fileRef = 0ACFC8FA281F81A700D325E5 /* ReadaMenuUITests.swift */; };
		0ACFC8FD281F81A700D325E5 /* ReadaMenuUITestsLaunchTests.swift in Sources */ = {isa = PBXBuildFile; fileRef = 0ACFC8FC281F81A700D325E5 /* ReadaMenuUITestsLaunchTests.swift */; };
		0ACFC90C281F820600D325E5 /* HomeScreen.swift in Sources */ = {isa = PBXBuildFile; fileRef = 0ACFC90B281F820600D325E5 /* HomeScreen.swift */; };
		0ACFC90E281F822500D325E5 /* UploadaMenu.swift in Sources */ = {isa = PBXBuildFile; fileRef = 0ACFC90D281F822500D325E5 /* UploadaMenu.swift */; };
		0ACFC910281F824500D325E5 /* PhotoSubmission.swift in Sources */ = {isa = PBXBuildFile; fileRef = 0ACFC90F281F824500D325E5 /* PhotoSubmission.swift */; };
		0ACFC912281F826300D325E5 /* ThankYou.swift in Sources */ = {isa = PBXBuildFile; fileRef = 0ACFC911281F826300D325E5 /* ThankYou.swift */; };
		0ACFC917281F84BB00D325E5 /* FirebaseFirestore in Frameworks */ = {isa = PBXBuildFile; productRef = 0ACFC916281F84BB00D325E5 /* FirebaseFirestore */; };
		0ACFC919281F852300D325E5 /* GoogleService-Info.plist in Resources */ = {isa = PBXBuildFile; fileRef = 0ACFC918281F852300D325E5 /* GoogleService-Info.plist */; };
		0ACFC91A281F852300D325E5 /* GoogleService-Info.plist in Resources */ = {isa = PBXBuildFile; fileRef = 0ACFC918281F852300D325E5 /* GoogleService-Info.plist */; };
		0ACFC91B281F852300D325E5 /* GoogleService-Info.plist in Resources */ = {isa = PBXBuildFile; fileRef = 0ACFC918281F852300D325E5 /* GoogleService-Info.plist */; };
		94912DFC282BA97C00F734BC /* FirebaseStorage in Frameworks */ = {isa = PBXBuildFile; productRef = 94912DFB282BA97C00F734BC /* FirebaseStorage */; };
		94912DFE282CD87600F734BC /* DishViewModel.swift in Sources */ = {isa = PBXBuildFile; fileRef = 94912DFD282CD87600F734BC /* DishViewModel.swift */; };
		94912E00282E330900F734BC /* FoodSelection.swift in Sources */ = {isa = PBXBuildFile; fileRef = 94912DFF282E330900F734BC /* FoodSelection.swift */; };
		94912E02282E639000F734BC /* Selection.swift in Sources */ = {isa = PBXBuildFile; fileRef = 94912E01282E639000F734BC /* Selection.swift */; };
/* End PBXBuildFile section */

/* Begin PBXContainerItemProxy section */
		0ACFC8ED281F81A700D325E5 /* PBXContainerItemProxy */ = {
			isa = PBXContainerItemProxy;
			containerPortal = 0ACFC8D4281F81A500D325E5 /* Project object */;
			proxyType = 1;
			remoteGlobalIDString = 0ACFC8DB281F81A500D325E5;
			remoteInfo = ReadaMenu;
		};
		0ACFC8F7281F81A700D325E5 /* PBXContainerItemProxy */ = {
			isa = PBXContainerItemProxy;
			containerPortal = 0ACFC8D4281F81A500D325E5 /* Project object */;
			proxyType = 1;
			remoteGlobalIDString = 0ACFC8DB281F81A500D325E5;
			remoteInfo = ReadaMenu;
		};
/* End PBXContainerItemProxy section */

/* Begin PBXFileReference section */
		0A4D0AAF2826D5DF000D5536 /* BrowseDishes.swift */ = {isa = PBXFileReference; lastKnownFileType = sourcecode.swift; path = BrowseDishes.swift; sourceTree = "<group>"; };
		0A4D0AB328277443000D5536 /* BrowseCategories.swift */ = {isa = PBXFileReference; lastKnownFileType = sourcecode.swift; path = BrowseCategories.swift; sourceTree = "<group>"; };
		0AB8DB7F2824CA6700A5898A /* BrowseRestaurants.swift */ = {isa = PBXFileReference; lastKnownFileType = sourcecode.swift; path = BrowseRestaurants.swift; sourceTree = "<group>"; };
		0AB8DB812824CB5300A5898A /* RestaurantsViewModel.swift */ = {isa = PBXFileReference; lastKnownFileType = sourcecode.swift; path = RestaurantsViewModel.swift; sourceTree = "<group>"; };
		0ACFC8DC281F81A500D325E5 /* ReadaMenu.app */ = {isa = PBXFileReference; explicitFileType = wrapper.application; includeInIndex = 0; path = ReadaMenu.app; sourceTree = BUILT_PRODUCTS_DIR; };
		0ACFC8DF281F81A500D325E5 /* ReadaMenuApp.swift */ = {isa = PBXFileReference; lastKnownFileType = sourcecode.swift; path = ReadaMenuApp.swift; sourceTree = "<group>"; };
		0ACFC8E1281F81A500D325E5 /* ContentView.swift */ = {isa = PBXFileReference; lastKnownFileType = sourcecode.swift; path = ContentView.swift; sourceTree = "<group>"; };
		0ACFC8E3281F81A700D325E5 /* Assets.xcassets */ = {isa = PBXFileReference; lastKnownFileType = folder.assetcatalog; path = Assets.xcassets; sourceTree = "<group>"; };
		0ACFC8E6281F81A700D325E5 /* Preview Assets.xcassets */ = {isa = PBXFileReference; lastKnownFileType = folder.assetcatalog; path = "Preview Assets.xcassets"; sourceTree = "<group>"; };
		0ACFC8EC281F81A700D325E5 /* ReadaMenuTests.xctest */ = {isa = PBXFileReference; explicitFileType = wrapper.cfbundle; includeInIndex = 0; path = ReadaMenuTests.xctest; sourceTree = BUILT_PRODUCTS_DIR; };
		0ACFC8F0281F81A700D325E5 /* ReadaMenuTests.swift */ = {isa = PBXFileReference; lastKnownFileType = sourcecode.swift; path = ReadaMenuTests.swift; sourceTree = "<group>"; };
		0ACFC8F6281F81A700D325E5 /* ReadaMenuUITests.xctest */ = {isa = PBXFileReference; explicitFileType = wrapper.cfbundle; includeInIndex = 0; path = ReadaMenuUITests.xctest; sourceTree = BUILT_PRODUCTS_DIR; };
		0ACFC8FA281F81A700D325E5 /* ReadaMenuUITests.swift */ = {isa = PBXFileReference; lastKnownFileType = sourcecode.swift; path = ReadaMenuUITests.swift; sourceTree = "<group>"; };
		0ACFC8FC281F81A700D325E5 /* ReadaMenuUITestsLaunchTests.swift */ = {isa = PBXFileReference; lastKnownFileType = sourcecode.swift; path = ReadaMenuUITestsLaunchTests.swift; sourceTree = "<group>"; };
		0ACFC90B281F820600D325E5 /* HomeScreen.swift */ = {isa = PBXFileReference; lastKnownFileType = sourcecode.swift; path = HomeScreen.swift; sourceTree = "<group>"; };
		0ACFC90D281F822500D325E5 /* UploadaMenu.swift */ = {isa = PBXFileReference; lastKnownFileType = sourcecode.swift; path = UploadaMenu.swift; sourceTree = "<group>"; };
		0ACFC90F281F824500D325E5 /* PhotoSubmission.swift */ = {isa = PBXFileReference; lastKnownFileType = sourcecode.swift; path = PhotoSubmission.swift; sourceTree = "<group>"; };
		0ACFC911281F826300D325E5 /* ThankYou.swift */ = {isa = PBXFileReference; lastKnownFileType = sourcecode.swift; path = ThankYou.swift; sourceTree = "<group>"; };
		0ACFC918281F852300D325E5 /* GoogleService-Info.plist */ = {isa = PBXFileReference; fileEncoding = 4; lastKnownFileType = text.plist.xml; path = "GoogleService-Info.plist"; sourceTree = "<group>"; };
		94912DFD282CD87600F734BC /* DishViewModel.swift */ = {isa = PBXFileReference; lastKnownFileType = sourcecode.swift; path = DishViewModel.swift; sourceTree = "<group>"; };
		94912DFF282E330900F734BC /* FoodSelection.swift */ = {isa = PBXFileReference; lastKnownFileType = sourcecode.swift; path = FoodSelection.swift; sourceTree = "<group>"; };
		94912E01282E639000F734BC /* Selection.swift */ = {isa = PBXFileReference; lastKnownFileType = sourcecode.swift; path = Selection.swift; sourceTree = "<group>"; };
/* End PBXFileReference section */

/* Begin PBXFrameworksBuildPhase section */
		0ACFC8D9281F81A500D325E5 /* Frameworks */ = {
			isa = PBXFrameworksBuildPhase;
			buildActionMask = 2147483647;
			files = (
				0ACFC917281F84BB00D325E5 /* FirebaseFirestore in Frameworks */,
				94912DFC282BA97C00F734BC /* FirebaseStorage in Frameworks */,
			);
			runOnlyForDeploymentPostprocessing = 0;
		};
		0ACFC8E9281F81A700D325E5 /* Frameworks */ = {
			isa = PBXFrameworksBuildPhase;
			buildActionMask = 2147483647;
			files = (
			);
			runOnlyForDeploymentPostprocessing = 0;
		};
		0ACFC8F3281F81A700D325E5 /* Frameworks */ = {
			isa = PBXFrameworksBuildPhase;
			buildActionMask = 2147483647;
			files = (
			);
			runOnlyForDeploymentPostprocessing = 0;
		};
/* End PBXFrameworksBuildPhase section */

/* Begin PBXGroup section */
		0ACFC8D3281F81A500D325E5 = {
			isa = PBXGroup;
			children = (
				0ACFC8DE281F81A500D325E5 /* ReadaMenu */,
				0ACFC8EF281F81A700D325E5 /* ReadaMenuTests */,
				0ACFC8F9281F81A700D325E5 /* ReadaMenuUITests */,
				0ACFC8DD281F81A500D325E5 /* Products */,
				94912DFA282BA97C00F734BC /* Frameworks */,
			);
			sourceTree = "<group>";
		};
		0ACFC8DD281F81A500D325E5 /* Products */ = {
			isa = PBXGroup;
			children = (
				0ACFC8DC281F81A500D325E5 /* ReadaMenu.app */,
				0ACFC8EC281F81A700D325E5 /* ReadaMenuTests.xctest */,
				0ACFC8F6281F81A700D325E5 /* ReadaMenuUITests.xctest */,
			);
			name = Products;
			sourceTree = "<group>";
		};
		0ACFC8DE281F81A500D325E5 /* ReadaMenu */ = {
			isa = PBXGroup;
			children = (
				94124815282A5B8100D2EADE /* Model */,
				0ACFC918281F852300D325E5 /* GoogleService-Info.plist */,
				0ACFC90A281F81F300D325E5 /* Views */,
				0ACFC8DF281F81A500D325E5 /* ReadaMenuApp.swift */,
				0ACFC8E1281F81A500D325E5 /* ContentView.swift */,
				0ACFC8E3281F81A700D325E5 /* Assets.xcassets */,
				0ACFC8E5281F81A700D325E5 /* Preview Content */,
			);
			path = ReadaMenu;
			sourceTree = "<group>";
		};
		0ACFC8E5281F81A700D325E5 /* Preview Content */ = {
			isa = PBXGroup;
			children = (
				0ACFC8E6281F81A700D325E5 /* Preview Assets.xcassets */,
			);
			path = "Preview Content";
			sourceTree = "<group>";
		};
		0ACFC8EF281F81A700D325E5 /* ReadaMenuTests */ = {
			isa = PBXGroup;
			children = (
				0ACFC8F0281F81A700D325E5 /* ReadaMenuTests.swift */,
			);
			path = ReadaMenuTests;
			sourceTree = "<group>";
		};
		0ACFC8F9281F81A700D325E5 /* ReadaMenuUITests */ = {
			isa = PBXGroup;
			children = (
				0ACFC8FA281F81A700D325E5 /* ReadaMenuUITests.swift */,
				0ACFC8FC281F81A700D325E5 /* ReadaMenuUITestsLaunchTests.swift */,
			);
			path = ReadaMenuUITests;
			sourceTree = "<group>";
		};
		0ACFC90A281F81F300D325E5 /* Views */ = {
			isa = PBXGroup;
			children = (
				0ACFC90B281F820600D325E5 /* HomeScreen.swift */,
				0ACFC90D281F822500D325E5 /* UploadaMenu.swift */,
				0ACFC90F281F824500D325E5 /* PhotoSubmission.swift */,
				0ACFC911281F826300D325E5 /* ThankYou.swift */,
				0AB8DB7F2824CA6700A5898A /* BrowseRestaurants.swift */,
				0A4D0AAF2826D5DF000D5536 /* BrowseDishes.swift */,
				0A4D0AB328277443000D5536 /* BrowseCategories.swift */,
				94912DFF282E330900F734BC /* FoodSelection.swift */,
			);
			path = Views;
			sourceTree = "<group>";
		};
		94124815282A5B8100D2EADE /* Model */ = {
			isa = PBXGroup;
			children = (
				0AB8DB812824CB5300A5898A /* RestaurantsViewModel.swift */,
				94912DFD282CD87600F734BC /* DishViewModel.swift */,
				94912E01282E639000F734BC /* Selection.swift */,
			);
			path = Model;
			sourceTree = "<group>";
		};
		94912DFA282BA97C00F734BC /* Frameworks */ = {
			isa = PBXGroup;
			children = (
			);
			name = Frameworks;
			sourceTree = "<group>";
		};
/* End PBXGroup section */

/* Begin PBXNativeTarget section */
		0ACFC8DB281F81A500D325E5 /* ReadaMenu */ = {
			isa = PBXNativeTarget;
			buildConfigurationList = 0ACFC900281F81A700D325E5 /* Build configuration list for PBXNativeTarget "ReadaMenu" */;
			buildPhases = (
				0ACFC8D8281F81A500D325E5 /* Sources */,
				0ACFC8D9281F81A500D325E5 /* Frameworks */,
				0ACFC8DA281F81A500D325E5 /* Resources */,
			);
			buildRules = (
			);
			dependencies = (
			);
			name = ReadaMenu;
			packageProductDependencies = (
				0ACFC916281F84BB00D325E5 /* FirebaseFirestore */,
				94912DFB282BA97C00F734BC /* FirebaseStorage */,
			);
			productName = ReadaMenu;
			productReference = 0ACFC8DC281F81A500D325E5 /* ReadaMenu.app */;
			productType = "com.apple.product-type.application";
		};
		0ACFC8EB281F81A700D325E5 /* ReadaMenuTests */ = {
			isa = PBXNativeTarget;
			buildConfigurationList = 0ACFC903281F81A700D325E5 /* Build configuration list for PBXNativeTarget "ReadaMenuTests" */;
			buildPhases = (
				0ACFC8E8281F81A700D325E5 /* Sources */,
				0ACFC8E9281F81A700D325E5 /* Frameworks */,
				0ACFC8EA281F81A700D325E5 /* Resources */,
			);
			buildRules = (
			);
			dependencies = (
				0ACFC8EE281F81A700D325E5 /* PBXTargetDependency */,
			);
			name = ReadaMenuTests;
			productName = ReadaMenuTests;
			productReference = 0ACFC8EC281F81A700D325E5 /* ReadaMenuTests.xctest */;
			productType = "com.apple.product-type.bundle.unit-test";
		};
		0ACFC8F5281F81A700D325E5 /* ReadaMenuUITests */ = {
			isa = PBXNativeTarget;
			buildConfigurationList = 0ACFC906281F81A700D325E5 /* Build configuration list for PBXNativeTarget "ReadaMenuUITests" */;
			buildPhases = (
				0ACFC8F2281F81A700D325E5 /* Sources */,
				0ACFC8F3281F81A700D325E5 /* Frameworks */,
				0ACFC8F4281F81A700D325E5 /* Resources */,
			);
			buildRules = (
			);
			dependencies = (
				0ACFC8F8281F81A700D325E5 /* PBXTargetDependency */,
			);
			name = ReadaMenuUITests;
			productName = ReadaMenuUITests;
			productReference = 0ACFC8F6281F81A700D325E5 /* ReadaMenuUITests.xctest */;
			productType = "com.apple.product-type.bundle.ui-testing";
		};
/* End PBXNativeTarget section */

/* Begin PBXProject section */
		0ACFC8D4281F81A500D325E5 /* Project object */ = {
			isa = PBXProject;
			attributes = {
				BuildIndependentTargetsInParallel = 1;
				LastSwiftUpdateCheck = 1330;
				LastUpgradeCheck = 1330;
				TargetAttributes = {
					0ACFC8DB281F81A500D325E5 = {
						CreatedOnToolsVersion = 13.3.1;
					};
					0ACFC8EB281F81A700D325E5 = {
						CreatedOnToolsVersion = 13.3.1;
						TestTargetID = 0ACFC8DB281F81A500D325E5;
					};
					0ACFC8F5281F81A700D325E5 = {
						CreatedOnToolsVersion = 13.3.1;
						TestTargetID = 0ACFC8DB281F81A500D325E5;
					};
				};
			};
			buildConfigurationList = 0ACFC8D7281F81A500D325E5 /* Build configuration list for PBXProject "ReadaMenu" */;
			compatibilityVersion = "Xcode 13.0";
			developmentRegion = en;
			hasScannedForEncodings = 0;
			knownRegions = (
				en,
				Base,
			);
			mainGroup = 0ACFC8D3281F81A500D325E5;
			packageReferences = (
				0ACFC915281F84BB00D325E5 /* XCRemoteSwiftPackageReference "firebase-ios-sdk" */,
			);
			productRefGroup = 0ACFC8DD281F81A500D325E5 /* Products */;
			projectDirPath = "";
			projectRoot = "";
			targets = (
				0ACFC8DB281F81A500D325E5 /* ReadaMenu */,
				0ACFC8EB281F81A700D325E5 /* ReadaMenuTests */,
				0ACFC8F5281F81A700D325E5 /* ReadaMenuUITests */,
			);
		};
/* End PBXProject section */

/* Begin PBXResourcesBuildPhase section */
		0ACFC8DA281F81A500D325E5 /* Resources */ = {
			isa = PBXResourcesBuildPhase;
			buildActionMask = 2147483647;
			files = (
				0ACFC8E7281F81A700D325E5 /* Preview Assets.xcassets in Resources */,
				0ACFC8E4281F81A700D325E5 /* Assets.xcassets in Resources */,
				0ACFC919281F852300D325E5 /* GoogleService-Info.plist in Resources */,
			);
			runOnlyForDeploymentPostprocessing = 0;
		};
		0ACFC8EA281F81A700D325E5 /* Resources */ = {
			isa = PBXResourcesBuildPhase;
			buildActionMask = 2147483647;
			files = (
				0ACFC91A281F852300D325E5 /* GoogleService-Info.plist in Resources */,
			);
			runOnlyForDeploymentPostprocessing = 0;
		};
		0ACFC8F4281F81A700D325E5 /* Resources */ = {
			isa = PBXResourcesBuildPhase;
			buildActionMask = 2147483647;
			files = (
				0ACFC91B281F852300D325E5 /* GoogleService-Info.plist in Resources */,
			);
			runOnlyForDeploymentPostprocessing = 0;
		};
/* End PBXResourcesBuildPhase section */

/* Begin PBXSourcesBuildPhase section */
		0ACFC8D8281F81A500D325E5 /* Sources */ = {
			isa = PBXSourcesBuildPhase;
			buildActionMask = 2147483647;
			files = (
				94912E02282E639000F734BC /* Selection.swift in Sources */,
				0AB8DB802824CA6700A5898A /* BrowseRestaurants.swift in Sources */,
				94912DFE282CD87600F734BC /* DishViewModel.swift in Sources */,
				0A4D0AB02826D5DF000D5536 /* BrowseDishes.swift in Sources */,
				0AB8DB822824CB5300A5898A /* RestaurantsViewModel.swift in Sources */,
				94912E00282E330900F734BC /* FoodSelection.swift in Sources */,
				0ACFC912281F826300D325E5 /* ThankYou.swift in Sources */,
				0ACFC8E2281F81A500D325E5 /* ContentView.swift in Sources */,
				0ACFC8E0281F81A500D325E5 /* ReadaMenuApp.swift in Sources */,
				0ACFC90C281F820600D325E5 /* HomeScreen.swift in Sources */,
				0ACFC910281F824500D325E5 /* PhotoSubmission.swift in Sources */,
				0ACFC90E281F822500D325E5 /* UploadaMenu.swift in Sources */,
				0A4D0AB428277443000D5536 /* BrowseCategories.swift in Sources */,
			);
			runOnlyForDeploymentPostprocessing = 0;
		};
		0ACFC8E8281F81A700D325E5 /* Sources */ = {
			isa = PBXSourcesBuildPhase;
			buildActionMask = 2147483647;
			files = (
				0ACFC8F1281F81A700D325E5 /* ReadaMenuTests.swift in Sources */,
			);
			runOnlyForDeploymentPostprocessing = 0;
		};
		0ACFC8F2281F81A700D325E5 /* Sources */ = {
			isa = PBXSourcesBuildPhase;
			buildActionMask = 2147483647;
			files = (
				0ACFC8FB281F81A700D325E5 /* ReadaMenuUITests.swift in Sources */,
				0ACFC8FD281F81A700D325E5 /* ReadaMenuUITestsLaunchTests.swift in Sources */,
			);
			runOnlyForDeploymentPostprocessing = 0;
		};
/* End PBXSourcesBuildPhase section */

/* Begin PBXTargetDependency section */
		0ACFC8EE281F81A700D325E5 /* PBXTargetDependency */ = {
			isa = PBXTargetDependency;
			target = 0ACFC8DB281F81A500D325E5 /* ReadaMenu */;
			targetProxy = 0ACFC8ED281F81A700D325E5 /* PBXContainerItemProxy */;
		};
		0ACFC8F8281F81A700D325E5 /* PBXTargetDependency */ = {
			isa = PBXTargetDependency;
			target = 0ACFC8DB281F81A500D325E5 /* ReadaMenu */;
			targetProxy = 0ACFC8F7281F81A700D325E5 /* PBXContainerItemProxy */;
		};
/* End PBXTargetDependency section */

/* Begin XCBuildConfiguration section */
		0ACFC8FE281F81A700D325E5 /* Debug */ = {
			isa = XCBuildConfiguration;
			buildSettings = {
				ALWAYS_SEARCH_USER_PATHS = NO;
				CLANG_ANALYZER_NONNULL = YES;
				CLANG_ANALYZER_NUMBER_OBJECT_CONVERSION = YES_AGGRESSIVE;
				CLANG_CXX_LANGUAGE_STANDARD = "gnu++17";
				CLANG_ENABLE_MODULES = YES;
				CLANG_ENABLE_OBJC_ARC = YES;
				CLANG_ENABLE_OBJC_WEAK = YES;
				CLANG_WARN_BLOCK_CAPTURE_AUTORELEASING = YES;
				CLANG_WARN_BOOL_CONVERSION = YES;
				CLANG_WARN_COMMA = YES;
				CLANG_WARN_CONSTANT_CONVERSION = YES;
				CLANG_WARN_DEPRECATED_OBJC_IMPLEMENTATIONS = YES;
				CLANG_WARN_DIRECT_OBJC_ISA_USAGE = YES_ERROR;
				CLANG_WARN_DOCUMENTATION_COMMENTS = YES;
				CLANG_WARN_EMPTY_BODY = YES;
				CLANG_WARN_ENUM_CONVERSION = YES;
				CLANG_WARN_INFINITE_RECURSION = YES;
				CLANG_WARN_INT_CONVERSION = YES;
				CLANG_WARN_NON_LITERAL_NULL_CONVERSION = YES;
				CLANG_WARN_OBJC_IMPLICIT_RETAIN_SELF = YES;
				CLANG_WARN_OBJC_LITERAL_CONVERSION = YES;
				CLANG_WARN_OBJC_ROOT_CLASS = YES_ERROR;
				CLANG_WARN_QUOTED_INCLUDE_IN_FRAMEWORK_HEADER = YES;
				CLANG_WARN_RANGE_LOOP_ANALYSIS = YES;
				CLANG_WARN_STRICT_PROTOTYPES = YES;
				CLANG_WARN_SUSPICIOUS_MOVE = YES;
				CLANG_WARN_UNGUARDED_AVAILABILITY = YES_AGGRESSIVE;
				CLANG_WARN_UNREACHABLE_CODE = YES;
				CLANG_WARN__DUPLICATE_METHOD_MATCH = YES;
				COPY_PHASE_STRIP = NO;
				DEBUG_INFORMATION_FORMAT = dwarf;
				ENABLE_STRICT_OBJC_MSGSEND = YES;
				ENABLE_TESTABILITY = YES;
				GCC_C_LANGUAGE_STANDARD = gnu11;
				GCC_DYNAMIC_NO_PIC = NO;
				GCC_NO_COMMON_BLOCKS = YES;
				GCC_OPTIMIZATION_LEVEL = 0;
				GCC_PREPROCESSOR_DEFINITIONS = (
					"DEBUG=1",
					"$(inherited)",
				);
				GCC_WARN_64_TO_32_BIT_CONVERSION = YES;
				GCC_WARN_ABOUT_RETURN_TYPE = YES_ERROR;
				GCC_WARN_UNDECLARED_SELECTOR = YES;
				GCC_WARN_UNINITIALIZED_AUTOS = YES_AGGRESSIVE;
				GCC_WARN_UNUSED_FUNCTION = YES;
				GCC_WARN_UNUSED_VARIABLE = YES;
				IPHONEOS_DEPLOYMENT_TARGET = 15.4;
				MTL_ENABLE_DEBUG_INFO = INCLUDE_SOURCE;
				MTL_FAST_MATH = YES;
				ONLY_ACTIVE_ARCH = YES;
				SDKROOT = iphoneos;
				SWIFT_ACTIVE_COMPILATION_CONDITIONS = DEBUG;
				SWIFT_OPTIMIZATION_LEVEL = "-Onone";
			};
			name = Debug;
		};
		0ACFC8FF281F81A700D325E5 /* Release */ = {
			isa = XCBuildConfiguration;
			buildSettings = {
				ALWAYS_SEARCH_USER_PATHS = NO;
				CLANG_ANALYZER_NONNULL = YES;
				CLANG_ANALYZER_NUMBER_OBJECT_CONVERSION = YES_AGGRESSIVE;
				CLANG_CXX_LANGUAGE_STANDARD = "gnu++17";
				CLANG_ENABLE_MODULES = YES;
				CLANG_ENABLE_OBJC_ARC = YES;
				CLANG_ENABLE_OBJC_WEAK = YES;
				CLANG_WARN_BLOCK_CAPTURE_AUTORELEASING = YES;
				CLANG_WARN_BOOL_CONVERSION = YES;
				CLANG_WARN_COMMA = YES;
				CLANG_WARN_CONSTANT_CONVERSION = YES;
				CLANG_WARN_DEPRECATED_OBJC_IMPLEMENTATIONS = YES;
				CLANG_WARN_DIRECT_OBJC_ISA_USAGE = YES_ERROR;
				CLANG_WARN_DOCUMENTATION_COMMENTS = YES;
				CLANG_WARN_EMPTY_BODY = YES;
				CLANG_WARN_ENUM_CONVERSION = YES;
				CLANG_WARN_INFINITE_RECURSION = YES;
				CLANG_WARN_INT_CONVERSION = YES;
				CLANG_WARN_NON_LITERAL_NULL_CONVERSION = YES;
				CLANG_WARN_OBJC_IMPLICIT_RETAIN_SELF = YES;
				CLANG_WARN_OBJC_LITERAL_CONVERSION = YES;
				CLANG_WARN_OBJC_ROOT_CLASS = YES_ERROR;
				CLANG_WARN_QUOTED_INCLUDE_IN_FRAMEWORK_HEADER = YES;
				CLANG_WARN_RANGE_LOOP_ANALYSIS = YES;
				CLANG_WARN_STRICT_PROTOTYPES = YES;
				CLANG_WARN_SUSPICIOUS_MOVE = YES;
				CLANG_WARN_UNGUARDED_AVAILABILITY = YES_AGGRESSIVE;
				CLANG_WARN_UNREACHABLE_CODE = YES;
				CLANG_WARN__DUPLICATE_METHOD_MATCH = YES;
				COPY_PHASE_STRIP = NO;
				DEBUG_INFORMATION_FORMAT = "dwarf-with-dsym";
				ENABLE_NS_ASSERTIONS = NO;
				ENABLE_STRICT_OBJC_MSGSEND = YES;
				GCC_C_LANGUAGE_STANDARD = gnu11;
				GCC_NO_COMMON_BLOCKS = YES;
				GCC_WARN_64_TO_32_BIT_CONVERSION = YES;
				GCC_WARN_ABOUT_RETURN_TYPE = YES_ERROR;
				GCC_WARN_UNDECLARED_SELECTOR = YES;
				GCC_WARN_UNINITIALIZED_AUTOS = YES_AGGRESSIVE;
				GCC_WARN_UNUSED_FUNCTION = YES;
				GCC_WARN_UNUSED_VARIABLE = YES;
				IPHONEOS_DEPLOYMENT_TARGET = 15.4;
				MTL_ENABLE_DEBUG_INFO = NO;
				MTL_FAST_MATH = YES;
				SDKROOT = iphoneos;
				SWIFT_COMPILATION_MODE = wholemodule;
				SWIFT_OPTIMIZATION_LEVEL = "-O";
				VALIDATE_PRODUCT = YES;
			};
			name = Release;
		};
		0ACFC901281F81A700D325E5 /* Debug */ = {
			isa = XCBuildConfiguration;
			buildSettings = {
				ASSETCATALOG_COMPILER_APPICON_NAME = AppIcon;
				ASSETCATALOG_COMPILER_GLOBAL_ACCENT_COLOR_NAME = AccentColor;
				CODE_SIGN_STYLE = Automatic;
				CURRENT_PROJECT_VERSION = 1;
				DEVELOPMENT_ASSET_PATHS = "\"ReadaMenu/Preview Content\"";
				DEVELOPMENT_TEAM = 3M25F8598Q;
				ENABLE_PREVIEWS = YES;
				GENERATE_INFOPLIST_FILE = YES;
				INFOPLIST_KEY_NSCameraUsageDescription = "$(PRODUCT_NAME) camera use";
				INFOPLIST_KEY_UIApplicationSceneManifest_Generation = YES;
				INFOPLIST_KEY_UIApplicationSupportsIndirectInputEvents = YES;
				INFOPLIST_KEY_UILaunchScreen_Generation = YES;
				INFOPLIST_KEY_UISupportedInterfaceOrientations_iPad = "UIInterfaceOrientationPortrait UIInterfaceOrientationPortraitUpsideDown UIInterfaceOrientationLandscapeLeft UIInterfaceOrientationLandscapeRight";
				INFOPLIST_KEY_UISupportedInterfaceOrientations_iPhone = "UIInterfaceOrientationPortrait UIInterfaceOrientationLandscapeLeft UIInterfaceOrientationLandscapeRight";
				IPHONEOS_DEPLOYMENT_TARGET = 15.2;
				LD_RUNPATH_SEARCH_PATHS = (
					"$(inherited)",
					"@executable_path/Frameworks",
				);
				MARKETING_VERSION = 1.0;
				PRODUCT_BUNDLE_IDENTIFIER = "Personal-Project.ReadaMenu";
				PRODUCT_NAME = "$(TARGET_NAME)";
				SWIFT_EMIT_LOC_STRINGS = YES;
				SWIFT_VERSION = 5.0;
				TARGETED_DEVICE_FAMILY = "1,2";
			};
			name = Debug;
		};
		0ACFC902281F81A700D325E5 /* Release */ = {
			isa = XCBuildConfiguration;
			buildSettings = {
				ASSETCATALOG_COMPILER_APPICON_NAME = AppIcon;
				ASSETCATALOG_COMPILER_GLOBAL_ACCENT_COLOR_NAME = AccentColor;
				CODE_SIGN_STYLE = Automatic;
				CURRENT_PROJECT_VERSION = 1;
				DEVELOPMENT_ASSET_PATHS = "\"ReadaMenu/Preview Content\"";
				DEVELOPMENT_TEAM = 3M25F8598Q;
				ENABLE_PREVIEWS = YES;
				GENERATE_INFOPLIST_FILE = YES;
				INFOPLIST_KEY_NSCameraUsageDescription = "$(PRODUCT_NAME) camera use";
				INFOPLIST_KEY_UIApplicationSceneManifest_Generation = YES;
				INFOPLIST_KEY_UIApplicationSupportsIndirectInputEvents = YES;
				INFOPLIST_KEY_UILaunchScreen_Generation = YES;
				INFOPLIST_KEY_UISupportedInterfaceOrientations_iPad = "UIInterfaceOrientationPortrait UIInterfaceOrientationPortraitUpsideDown UIInterfaceOrientationLandscapeLeft UIInterfaceOrientationLandscapeRight";
				INFOPLIST_KEY_UISupportedInterfaceOrientations_iPhone = "UIInterfaceOrientationPortrait UIInterfaceOrientationLandscapeLeft UIInterfaceOrientationLandscapeRight";
				IPHONEOS_DEPLOYMENT_TARGET = 15.2;
				LD_RUNPATH_SEARCH_PATHS = (
					"$(inherited)",
					"@executable_path/Frameworks",
				);
				MARKETING_VERSION = 1.0;
				PRODUCT_BUNDLE_IDENTIFIER = "Personal-Project.ReadaMenu";
				PRODUCT_NAME = "$(TARGET_NAME)";
				SWIFT_EMIT_LOC_STRINGS = YES;
				SWIFT_VERSION = 5.0;
				TARGETED_DEVICE_FAMILY = "1,2";
			};
			name = Release;
		};
		0ACFC904281F81A700D325E5 /* Debug */ = {
			isa = XCBuildConfiguration;
			buildSettings = {
				ALWAYS_EMBED_SWIFT_STANDARD_LIBRARIES = YES;
				BUNDLE_LOADER = "$(TEST_HOST)";
				CODE_SIGN_STYLE = Automatic;
				CURRENT_PROJECT_VERSION = 1;
				GENERATE_INFOPLIST_FILE = YES;
				IPHONEOS_DEPLOYMENT_TARGET = 15.4;
				MARKETING_VERSION = 1.0;
				PRODUCT_BUNDLE_IDENTIFIER = "Personal-Project.ReadaMenuTests";
				PRODUCT_NAME = "$(TARGET_NAME)";
				SWIFT_EMIT_LOC_STRINGS = NO;
				SWIFT_VERSION = 5.0;
				TARGETED_DEVICE_FAMILY = "1,2";
				TEST_HOST = "$(BUILT_PRODUCTS_DIR)/ReadaMenu.app/ReadaMenu";
			};
			name = Debug;
		};
		0ACFC905281F81A700D325E5 /* Release */ = {
			isa = XCBuildConfiguration;
			buildSettings = {
				ALWAYS_EMBED_SWIFT_STANDARD_LIBRARIES = YES;
				BUNDLE_LOADER = "$(TEST_HOST)";
				CODE_SIGN_STYLE = Automatic;
				CURRENT_PROJECT_VERSION = 1;
				GENERATE_INFOPLIST_FILE = YES;
				IPHONEOS_DEPLOYMENT_TARGET = 15.4;
				MARKETING_VERSION = 1.0;
				PRODUCT_BUNDLE_IDENTIFIER = "Personal-Project.ReadaMenuTests";
				PRODUCT_NAME = "$(TARGET_NAME)";
				SWIFT_EMIT_LOC_STRINGS = NO;
				SWIFT_VERSION = 5.0;
				TARGETED_DEVICE_FAMILY = "1,2";
				TEST_HOST = "$(BUILT_PRODUCTS_DIR)/ReadaMenu.app/ReadaMenu";
			};
			name = Release;
		};
		0ACFC907281F81A700D325E5 /* Debug */ = {
			isa = XCBuildConfiguration;
			buildSettings = {
				ALWAYS_EMBED_SWIFT_STANDARD_LIBRARIES = YES;
				CODE_SIGN_STYLE = Automatic;
				CURRENT_PROJECT_VERSION = 1;
				GENERATE_INFOPLIST_FILE = YES;
				MARKETING_VERSION = 1.0;
				PRODUCT_BUNDLE_IDENTIFIER = "Personal-Project.ReadaMenuUITests";
				PRODUCT_NAME = "$(TARGET_NAME)";
				SWIFT_EMIT_LOC_STRINGS = NO;
				SWIFT_VERSION = 5.0;
				TARGETED_DEVICE_FAMILY = "1,2";
				TEST_TARGET_NAME = ReadaMenu;
			};
			name = Debug;
		};
		0ACFC908281F81A700D325E5 /* Release */ = {
			isa = XCBuildConfiguration;
			buildSettings = {
				ALWAYS_EMBED_SWIFT_STANDARD_LIBRARIES = YES;
				CODE_SIGN_STYLE = Automatic;
				CURRENT_PROJECT_VERSION = 1;
				GENERATE_INFOPLIST_FILE = YES;
				MARKETING_VERSION = 1.0;
				PRODUCT_BUNDLE_IDENTIFIER = "Personal-Project.ReadaMenuUITests";
				PRODUCT_NAME = "$(TARGET_NAME)";
				SWIFT_EMIT_LOC_STRINGS = NO;
				SWIFT_VERSION = 5.0;
				TARGETED_DEVICE_FAMILY = "1,2";
				TEST_TARGET_NAME = ReadaMenu;
			};
			name = Release;
		};
/* End XCBuildConfiguration section */

/* Begin XCConfigurationList section */
		0ACFC8D7281F81A500D325E5 /* Build configuration list for PBXProject "ReadaMenu" */ = {
			isa = XCConfigurationList;
			buildConfigurations = (
				0ACFC8FE281F81A700D325E5 /* Debug */,
				0ACFC8FF281F81A700D325E5 /* Release */,
			);
			defaultConfigurationIsVisible = 0;
			defaultConfigurationName = Release;
		};
		0ACFC900281F81A700D325E5 /* Build configuration list for PBXNativeTarget "ReadaMenu" */ = {
			isa = XCConfigurationList;
			buildConfigurations = (
				0ACFC901281F81A700D325E5 /* Debug */,
				0ACFC902281F81A700D325E5 /* Release */,
			);
			defaultConfigurationIsVisible = 0;
			defaultConfigurationName = Release;
		};
		0ACFC903281F81A700D325E5 /* Build configuration list for PBXNativeTarget "ReadaMenuTests" */ = {
			isa = XCConfigurationList;
			buildConfigurations = (
				0ACFC904281F81A700D325E5 /* Debug */,
				0ACFC905281F81A700D325E5 /* Release */,
			);
			defaultConfigurationIsVisible = 0;
			defaultConfigurationName = Release;
		};
		0ACFC906281F81A700D325E5 /* Build configuration list for PBXNativeTarget "ReadaMenuUITests" */ = {
			isa = XCConfigurationList;
			buildConfigurations = (
				0ACFC907281F81A700D325E5 /* Debug */,
				0ACFC908281F81A700D325E5 /* Release */,
			);
			defaultConfigurationIsVisible = 0;
			defaultConfigurationName = Release;
		};
/* End XCConfigurationList section */

/* Begin XCRemoteSwiftPackageReference section */
		0ACFC915281F84BB00D325E5 /* XCRemoteSwiftPackageReference "firebase-ios-sdk" */ = {
			isa = XCRemoteSwiftPackageReference;
			repositoryURL = "https://github.com/firebase/firebase-ios-sdk.git";
			requirement = {
				kind = upToNextMajorVersion;
				minimumVersion = 8.0.0;
			};
		};
/* End XCRemoteSwiftPackageReference section */

/* Begin XCSwiftPackageProductDependency section */
		0ACFC916281F84BB00D325E5 /* FirebaseFirestore */ = {
			isa = XCSwiftPackageProductDependency;
			package = 0ACFC915281F84BB00D325E5 /* XCRemoteSwiftPackageReference "firebase-ios-sdk" */;
			productName = FirebaseFirestore;
		};
		94912DFB282BA97C00F734BC /* FirebaseStorage */ = {
			isa = XCSwiftPackageProductDependency;
			package = 0ACFC915281F84BB00D325E5 /* XCRemoteSwiftPackageReference "firebase-ios-sdk" */;
			productName = FirebaseStorage;
		};
/* End XCSwiftPackageProductDependency section */
	};
	rootObject = 0ACFC8D4281F81A500D325E5 /* Project object */;
}
